
Microsoft Visual Studio Solution File, Format Version 12.00
# Visual Studio Version 17
VisualStudioVersion = 17.10.34928.147
MinimumVisualStudioVersion = 10.0.40219.1
Project("{FAE04EC0-301F-11D3-BF4B-00C04F79EFBC}") = "Tabuada", "Tabuada\Tabuada.csproj", "{CE8A6185-88B7-4E3B-AADE-B9289BBA9022}"
EndProject
Global
	GlobalSection(SolutionConfigurationPlatforms) = preSolution
		Debug|Any CPU = Debug|Any CPU
		Release|Any CPU = Release|Any CPU
	EndGlobalSection
	GlobalSection(ProjectConfigurationPlatforms) = postSolution
		{CE8A6185-88B7-4E3B-AADE-B9289BBA9022}.Debug|Any CPU.ActiveCfg = Debug|Any CPU
		{CE8A6185-88B7-4E3B-AADE-B9289BBA9022}.Debug|Any CPU.Build.0 = Debug|Any CPU
		{CE8A6185-88B7-4E3B-AADE-B9289BBA9022}.Release|Any CPU.ActiveCfg = Release|Any CPU
		{CE8A6185-88B7-4E3B-AADE-B9289BBA9022}.Release|Any CPU.Build.0 = Release|Any CPU
	EndGlobalSection
	GlobalSection(SolutionProperties) = preSolution
		HideSolutionNode = FALSE
	EndGlobalSection
	GlobalSection(ExtensibilityGlobals) = postSolution
		SolutionGuid = {F42816B2-E693-4E1B-AEF4-2001474D86DC}
	EndGlobalSection
EndGlobal
