
Microsoft Visual Studio Solution File, Format Version 12.00
# Visual Studio Version 17
VisualStudioVersion = 17.10.34928.147
MinimumVisualStudioVersion = 10.0.40219.1
Project("{FAE04EC0-301F-11D3-BF4B-00C04F79EFBC}") = "Checks_Radio", "Checks_Radio\Checks_Radio.csproj", "{32468B44-DFCC-4EF1-9791-E0D52C17F1F7}"
EndProject
Global
	GlobalSection(SolutionConfigurationPlatforms) = preSolution
		Debug|Any CPU = Debug|Any CPU
		Release|Any CPU = Release|Any CPU
	EndGlobalSection
	GlobalSection(ProjectConfigurationPlatforms) = postSolution
		{32468B44-DFCC-4EF1-9791-E0D52C17F1F7}.Debug|Any CPU.ActiveCfg = Debug|Any CPU
		{32468B44-DFCC-4EF1-9791-E0D52C17F1F7}.Debug|Any CPU.Build.0 = Debug|Any CPU
		{32468B44-DFCC-4EF1-9791-E0D52C17F1F7}.Release|Any CPU.ActiveCfg = Release|Any CPU
		{32468B44-DFCC-4EF1-9791-E0D52C17F1F7}.Release|Any CPU.Build.0 = Release|Any CPU
	EndGlobalSection
	GlobalSection(SolutionProperties) = preSolution
		HideSolutionNode = FALSE
	EndGlobalSection
	GlobalSection(ExtensibilityGlobals) = postSolution
		SolutionGuid = {F6C4CEDA-D7F6-4FDE-B978-94369AB9C877}
	EndGlobalSection
EndGlobal
